
Microsoft Visual Studio Solution File, Format Version 12.00
# Visual Studio Version 17
VisualStudioVersion = 17.0.31717.71
MinimumVisualStudioVersion = 10.0.40219.1
Project("{FAE04EC0-301F-11D3-BF4B-00C04F79EFBC}") = "HitRefresh.IWannaGraduate", "HitRefresh.IWannaGraduate.csproj", "{215CB7A7-3B0C-441A-8557-8D37F84BDD58}"
EndProject
Global
	GlobalSection(SolutionConfigurationPlatforms) = preSolution
		Debug|Any CPU = Debug|Any CPU
		Release|Any CPU = Release|Any CPU
	EndGlobalSection
	GlobalSection(ProjectConfigurationPlatforms) = postSolution
		{215CB7A7-3B0C-441A-8557-8D37F84BDD58}.Debug|Any CPU.ActiveCfg = Debug|Any CPU
		{215CB7A7-3B0C-441A-8557-8D37F84BDD58}.Debug|Any CPU.Build.0 = Debug|Any CPU
		{215CB7A7-3B0C-441A-8557-8D37F84BDD58}.Release|Any CPU.ActiveCfg = Release|Any CPU
		{215CB7A7-3B0C-441A-8557-8D37F84BDD58}.Release|Any CPU.Build.0 = Release|Any CPU
	EndGlobalSection
	GlobalSection(SolutionProperties) = preSolution
		HideSolutionNode = FALSE
	EndGlobalSection
	GlobalSection(ExtensibilityGlobals) = postSolution
		SolutionGuid = {EC58C2AD-C716-41FC-8B8B-E8ED789431EE}
	EndGlobalSection
EndGlobal
